
Microsoft Visual Studio Solution File, Format Version 12.00
# Visual Studio Version 17
VisualStudioVersion = 17.11.35219.272
MinimumVisualStudioVersion = 10.0.40219.1
Project("{9A19103F-16F7-4668-BE54-9A1E7A4F7556}") = "CapstoneCC", "CapstoneCC\CapstoneCC.csproj", "{D88487B5-86BE-4E68-BD70-76372CC187CC}"
EndProject
Global
	GlobalSection(SolutionConfigurationPlatforms) = preSolution
		Debug|Any CPU = Debug|Any CPU
		Release|Any CPU = Release|Any CPU
	EndGlobalSection
	GlobalSection(ProjectConfigurationPlatforms) = postSolution
		{D88487B5-86BE-4E68-BD70-76372CC187CC}.Debug|Any CPU.ActiveCfg = Debug|Any CPU
		{D88487B5-86BE-4E68-BD70-76372CC187CC}.Debug|Any CPU.Build.0 = Debug|Any CPU
		{D88487B5-86BE-4E68-BD70-76372CC187CC}.Release|Any CPU.ActiveCfg = Release|Any CPU
		{D88487B5-86BE-4E68-BD70-76372CC187CC}.Release|Any CPU.Build.0 = Release|Any CPU
	EndGlobalSection
	GlobalSection(SolutionProperties) = preSolution
		HideSolutionNode = FALSE
	EndGlobalSection
	GlobalSection(ExtensibilityGlobals) = postSolution
		SolutionGuid = {9C8F9C80-C783-4B7D-B57F-A90C313286E6}
	EndGlobalSection
EndGlobal
